
Microsoft Visual Studio Solution File, Format Version 12.00
# Visual Studio 14
VisualStudioVersion = 14.0.25420.1
MinimumVisualStudioVersion = 10.0.40219.1
Project("{FAE04EC0-301F-11D3-BF4B-00C04F79EFBC}") = "APG Html5 Client", "APG\APG Html5 Client.csproj", "{BE341904-44B3-4FAA-8C6F-986829F3332C}"
EndProject
Global
	GlobalSection(SolutionConfigurationPlatforms) = preSolution
		Debug|Any CPU = Debug|Any CPU
		Release|Any CPU = Release|Any CPU
	EndGlobalSection
	GlobalSection(ProjectConfigurationPlatforms) = postSolution
		{BE341904-44B3-4FAA-8C6F-986829F3332C}.Debug|Any CPU.ActiveCfg = Debug|Any CPU
		{BE341904-44B3-4FAA-8C6F-986829F3332C}.Debug|Any CPU.Build.0 = Debug|Any CPU
		{BE341904-44B3-4FAA-8C6F-986829F3332C}.Release|Any CPU.ActiveCfg = Release|Any CPU
		{BE341904-44B3-4FAA-8C6F-986829F3332C}.Release|Any CPU.Build.0 = Release|Any CPU
	EndGlobalSection
	GlobalSection(SolutionProperties) = preSolution
		HideSolutionNode = FALSE
	EndGlobalSection
EndGlobal
